// !$*UTF8*$!
{
	archiveVersion = 1;
	classes = {
	};
	objectVersion = 55;
	objects = {

/* Begin PBXBuildFile section */
		3D75647427F7B1950063F84E /* AppDelegate.swift in Sources */ = {isa = PBXBuildFile; fileRef = 3D75647327F7B1950063F84E /* AppDelegate.swift */; };
		3D75647627F7B1950063F84E /* SceneDelegate.swift in Sources */ = {isa = PBXBuildFile; fileRef = 3D75647527F7B1950063F84E /* SceneDelegate.swift */; };
		3D75647827F7B1950063F84E /* ViewController.swift in Sources */ = {isa = PBXBuildFile; fileRef = 3D75647727F7B1950063F84E /* ViewController.swift */; };
		3D75647B27F7B1950063F84E /* Main.storyboard in Resources */ = {isa = PBXBuildFile; fileRef = 3D75647927F7B1950063F84E /* Main.storyboard */; };
		3D75647D27F7B1970063F84E /* Assets.xcassets in Resources */ = {isa = PBXBuildFile; fileRef = 3D75647C27F7B1970063F84E /* Assets.xcassets */; };
		3D75648027F7B1970063F84E /* LaunchScreen.storyboard in Resources */ = {isa = PBXBuildFile; fileRef = 3D75647E27F7B1970063F84E /* LaunchScreen.storyboard */; };
		3D75648827F7B6AC0063F84E /* DataManager.swift in Sources */ = {isa = PBXBuildFile; fileRef = 3D75648727F7B6AC0063F84E /* DataManager.swift */; };
		3D75648B27F7D7E30063F84E /* CoreData.framework in Frameworks */ = {isa = PBXBuildFile; fileRef = 3D75648A27F7D7E30063F84E /* CoreData.framework */; };
		3D75648E27F7D85B0063F84E /* Persist.xcdatamodeld in Sources */ = {isa = PBXBuildFile; fileRef = 3D75648C27F7D85B0063F84E /* Persist.xcdatamodeld */; };
		3D75649027F7F0570063F84E /* LogTableViewController.swift in Sources */ = {isa = PBXBuildFile; fileRef = 3D75648F27F7F0570063F84E /* LogTableViewController.swift */; };
/* End PBXBuildFile section */

/* Begin PBXFileReference section */
		3D75647027F7B1950063F84E /* Persist.app */ = {isa = PBXFileReference; explicitFileType = wrapper.application; includeInIndex = 0; path = Persist.app; sourceTree = BUILT_PRODUCTS_DIR; };
		3D75647327F7B1950063F84E /* AppDelegate.swift */ = {isa = PBXFileReference; lastKnownFileType = sourcecode.swift; path = AppDelegate.swift; sourceTree = "<group>"; };
		3D75647527F7B1950063F84E /* SceneDelegate.swift */ = {isa = PBXFileReference; lastKnownFileType = sourcecode.swift; path = SceneDelegate.swift; sourceTree = "<group>"; };
		3D75647727F7B1950063F84E /* ViewController.swift */ = {isa = PBXFileReference; lastKnownFileType = sourcecode.swift; path = ViewController.swift; sourceTree = "<group>"; };
		3D75647A27F7B1950063F84E /* Base */ = {isa = PBXFileReference; lastKnownFileType = file.storyboard; name = Base; path = Base.lproj/Main.storyboard; sourceTree = "<group>"; };
		3D75647C27F7B1970063F84E /* Assets.xcassets */ = {isa = PBXFileReference; lastKnownFileType = folder.assetcatalog; path = Assets.xcassets; sourceTree = "<group>"; };
		3D75647F27F7B1970063F84E /* Base */ = {isa = PBXFileReference; lastKnownFileType = file.storyboard; name = Base; path = Base.lproj/LaunchScreen.storyboard; sourceTree = "<group>"; };
		3D75648127F7B1970063F84E /* Info.plist */ = {isa = PBXFileReference; lastKnownFileType = text.plist.xml; path = Info.plist; sourceTree = "<group>"; };
		3D75648727F7B6AC0063F84E /* DataManager.swift */ = {isa = PBXFileReference; lastKnownFileType = sourcecode.swift; path = DataManager.swift; sourceTree = "<group>"; };
		3D75648A27F7D7E30063F84E /* CoreData.framework */ = {isa = PBXFileReference; lastKnownFileType = wrapper.framework; name = CoreData.framework; path = System/Library/Frameworks/CoreData.framework; sourceTree = SDKROOT; };
		3D75648D27F7D85B0063F84E /* Persist.xcdatamodel */ = {isa = PBXFileReference; lastKnownFileType = wrapper.xcdatamodel; path = Persist.xcdatamodel; sourceTree = "<group>"; };
		3D75648F27F7F0570063F84E /* LogTableViewController.swift */ = {isa = PBXFileReference; lastKnownFileType = sourcecode.swift; path = LogTableViewController.swift; sourceTree = "<group>"; };
/* End PBXFileReference section */

/* Begin PBXFrameworksBuildPhase section */
		3D75646D27F7B1950063F84E /* Frameworks */ = {
			isa = PBXFrameworksBuildPhase;
			buildActionMask = 2147483647;
			files = (
				3D75648B27F7D7E30063F84E /* CoreData.framework in Frameworks */,
			);
			runOnlyForDeploymentPostprocessing = 0;
		};
/* End PBXFrameworksBuildPhase section */

/* Begin PBXGroup section */
		3D75646727F7B1950063F84E = {
			isa = PBXGroup;
			children = (
				3D75647227F7B1950063F84E /* Persist */,
				3D75647127F7B1950063F84E /* Products */,
				3D75648927F7D7E30063F84E /* Frameworks */,
			);
			sourceTree = "<group>";
		};
		3D75647127F7B1950063F84E /* Products */ = {
			isa = PBXGroup;
			children = (
				3D75647027F7B1950063F84E /* Persist.app */,
			);
			name = Products;
			sourceTree = "<group>";
		};
		3D75647227F7B1950063F84E /* Persist */ = {
			isa = PBXGroup;
			children = (
				3D75647327F7B1950063F84E /* AppDelegate.swift */,
				3D75647527F7B1950063F84E /* SceneDelegate.swift */,
				3D75647727F7B1950063F84E /* ViewController.swift */,
				3D75647927F7B1950063F84E /* Main.storyboard */,
				3D75647C27F7B1970063F84E /* Assets.xcassets */,
				3D75647E27F7B1970063F84E /* LaunchScreen.storyboard */,
				3D75648127F7B1970063F84E /* Info.plist */,
				3D75648727F7B6AC0063F84E /* DataManager.swift */,
				3D75648C27F7D85B0063F84E /* Persist.xcdatamodeld */,
				3D75648F27F7F0570063F84E /* LogTableViewController.swift */,
			);
			path = Persist;
			sourceTree = "<group>";
		};
		3D75648927F7D7E30063F84E /* Frameworks */ = {
			isa = PBXGroup;
			children = (
				3D75648A27F7D7E30063F84E /* CoreData.framework */,
			);
			name = Frameworks;
			sourceTree = "<group>";
		};
/* End PBXGroup section */

/* Begin PBXNativeTarget section */
		3D75646F27F7B1950063F84E /* Persist */ = {
			isa = PBXNativeTarget;
			buildConfigurationList = 3D75648427F7B1970063F84E /* Build configuration list for PBXNativeTarget "Persist" */;
			buildPhases = (
				3D75646C27F7B1950063F84E /* Sources */,
				3D75646D27F7B1950063F84E /* Frameworks */,
				3D75646E27F7B1950063F84E /* Resources */,
			);
			buildRules = (
			);
			dependencies = (
			);
			name = Persist;
			productName = Persist;
			productReference = 3D75647027F7B1950063F84E /* Persist.app */;
			productType = "com.apple.product-type.application";
		};
/* End PBXNativeTarget section */

/* Begin PBXProject section */
		3D75646827F7B1950063F84E /* Project object */ = {
			isa = PBXProject;
			attributes = {
				BuildIndependentTargetsInParallel = 1;
				LastSwiftUpdateCheck = 1330;
				LastUpgradeCheck = 1330;
				TargetAttributes = {
					3D75646F27F7B1950063F84E = {
						CreatedOnToolsVersion = 13.3;
					};
				};
			};
			buildConfigurationList = 3D75646B27F7B1950063F84E /* Build configuration list for PBXProject "Persist" */;
			compatibilityVersion = "Xcode 13.0";
			developmentRegion = en;
			hasScannedForEncodings = 0;
			knownRegions = (
				en,
				Base,
			);
			mainGroup = 3D75646727F7B1950063F84E;
			productRefGroup = 3D75647127F7B1950063F84E /* Products */;
			projectDirPath = "";
			projectRoot = "";
			targets = (
				3D75646F27F7B1950063F84E /* Persist */,
			);
		};
/* End PBXProject section */

/* Begin PBXResourcesBuildPhase section */
		3D75646E27F7B1950063F84E /* Resources */ = {
			isa = PBXResourcesBuildPhase;
			buildActionMask = 2147483647;
			files = (
				3D75648027F7B1970063F84E /* LaunchScreen.storyboard in Resources */,
				3D75647D27F7B1970063F84E /* Assets.xcassets in Resources */,
				3D75647B27F7B1950063F84E /* Main.storyboard in Resources */,
			);
			runOnlyForDeploymentPostprocessing = 0;
		};
/* End PBXResourcesBuildPhase section */

/* Begin PBXSourcesBuildPhase section */
		3D75646C27F7B1950063F84E /* Sources */ = {
			isa = PBXSourcesBuildPhase;
			buildActionMask = 2147483647;
			files = (
				3D75649027F7F0570063F84E /* LogTableViewController.swift in Sources */,
				3D75647827F7B1950063F84E /* ViewController.swift in Sources */,
				3D75648827F7B6AC0063F84E /* DataManager.swift in Sources */,
				3D75647427F7B1950063F84E /* AppDelegate.swift in Sources */,
				3D75647627F7B1950063F84E /* SceneDelegate.swift in Sources */,
				3D75648E27F7D85B0063F84E /* Persist.xcdatamodeld in Sources */,
			);
			runOnlyForDeploymentPostprocessing = 0;
		};
/* End PBXSourcesBuildPhase section */

/* Begin PBXVariantGroup section */
		3D75647927F7B1950063F84E /* Main.storyboard */ = {
			isa = PBXVariantGroup;
			children = (
				3D75647A27F7B1950063F84E /* Base */,
			);
			name = Main.storyboard;
			sourceTree = "<group>";
		};
		3D75647E27F7B1970063F84E /* LaunchScreen.storyboard */ = {
			isa = PBXVariantGroup;
			children = (
				3D75647F27F7B1970063F84E /* Base */,
			);
			name = LaunchScreen.storyboard;
			sourceTree = "<group>";
		};
/* End PBXVariantGroup section */

/* Begin XCBuildConfiguration section */
		3D75648227F7B1970063F84E /* Debug */ = {
			isa = XCBuildConfiguration;
			buildSettings = {
				ALWAYS_SEARCH_USER_PATHS = NO;
				CLANG_ANALYZER_NONNULL = YES;
				CLANG_ANALYZER_NUMBER_OBJECT_CONVERSION = YES_AGGRESSIVE;
				CLANG_CXX_LANGUAGE_STANDARD = "gnu++17";
				CLANG_ENABLE_MODULES = YES;
				CLANG_ENABLE_OBJC_ARC = YES;
				CLANG_ENABLE_OBJC_WEAK = YES;
				CLANG_WARN_BLOCK_CAPTURE_AUTORELEASING = YES;
				CLANG_WARN_BOOL_CONVERSION = YES;
				CLANG_WARN_COMMA = YES;
				CLANG_WARN_CONSTANT_CONVERSION = YES;
				CLANG_WARN_DEPRECATED_OBJC_IMPLEMENTATIONS = YES;
				CLANG_WARN_DIRECT_OBJC_ISA_USAGE = YES_ERROR;
				CLANG_WARN_DOCUMENTATION_COMMENTS = YES;
				CLANG_WARN_EMPTY_BODY = YES;
				CLANG_WARN_ENUM_CONVERSION = YES;
				CLANG_WARN_INFINITE_RECURSION = YES;
				CLANG_WARN_INT_CONVERSION = YES;
				CLANG_WARN_NON_LITERAL_NULL_CONVERSION = YES;
				CLANG_WARN_OBJC_IMPLICIT_RETAIN_SELF = YES;
				CLANG_WARN_OBJC_LITERAL_CONVERSION = YES;
				CLANG_WARN_OBJC_ROOT_CLASS = YES_ERROR;
				CLANG_WARN_QUOTED_INCLUDE_IN_FRAMEWORK_HEADER = YES;
				CLANG_WARN_RANGE_LOOP_ANALYSIS = YES;
				CLANG_WARN_STRICT_PROTOTYPES = YES;
				CLANG_WARN_SUSPICIOUS_MOVE = YES;
				CLANG_WARN_UNGUARDED_AVAILABILITY = YES_AGGRESSIVE;
				CLANG_WARN_UNREACHABLE_CODE = YES;
				CLANG_WARN__DUPLICATE_METHOD_MATCH = YES;
				COPY_PHASE_STRIP = NO;
				DEBUG_INFORMATION_FORMAT = dwarf;
				ENABLE_STRICT_OBJC_MSGSEND = YES;
				ENABLE_TESTABILITY = YES;
				GCC_C_LANGUAGE_STANDARD = gnu11;
				GCC_DYNAMIC_NO_PIC = NO;
				GCC_NO_COMMON_BLOCKS = YES;
				GCC_OPTIMIZATION_LEVEL = 0;
				GCC_PREPROCESSOR_DEFINITIONS = (
					"DEBUG=1",
					"$(inherited)",
				);
				GCC_WARN_64_TO_32_BIT_CONVERSION = YES;
				GCC_WARN_ABOUT_RETURN_TYPE = YES_ERROR;
				GCC_WARN_UNDECLARED_SELECTOR = YES;
				GCC_WARN_UNINITIALIZED_AUTOS = YES_AGGRESSIVE;
				GCC_WARN_UNUSED_FUNCTION = YES;
				GCC_WARN_UNUSED_VARIABLE = YES;
				IPHONEOS_DEPLOYMENT_TARGET = 15.4;
				MTL_ENABLE_DEBUG_INFO = INCLUDE_SOURCE;
				MTL_FAST_MATH = YES;
				ONLY_ACTIVE_ARCH = YES;
				SDKROOT = iphoneos;
				SWIFT_ACTIVE_COMPILATION_CONDITIONS = DEBUG;
				SWIFT_OPTIMIZATION_LEVEL = "-Onone";
			};
			name = Debug;
		};
		3D75648327F7B1970063F84E /* Release */ = {
			isa = XCBuildConfiguration;
			buildSettings = {
				ALWAYS_SEARCH_USER_PATHS = NO;
				CLANG_ANALYZER_NONNULL = YES;
				CLANG_ANALYZER_NUMBER_OBJECT_CONVERSION = YES_AGGRESSIVE;
				CLANG_CXX_LANGUAGE_STANDARD = "gnu++17";
				CLANG_ENABLE_MODULES = YES;
				CLANG_ENABLE_OBJC_ARC = YES;
				CLANG_ENABLE_OBJC_WEAK = YES;
				CLANG_WARN_BLOCK_CAPTURE_AUTORELEASING = YES;
				CLANG_WARN_BOOL_CONVERSION = YES;
				CLANG_WARN_COMMA = YES;
				CLANG_WARN_CONSTANT_CONVERSION = YES;
				CLANG_WARN_DEPRECATED_OBJC_IMPLEMENTATIONS = YES;
				CLANG_WARN_DIRECT_OBJC_ISA_USAGE = YES_ERROR;
				CLANG_WARN_DOCUMENTATION_COMMENTS = YES;
				CLANG_WARN_EMPTY_BODY = YES;
				CLANG_WARN_ENUM_CONVERSION = YES;
				CLANG_WARN_INFINITE_RECURSION = YES;
				CLANG_WARN_INT_CONVERSION = YES;
				CLANG_WARN_NON_LITERAL_NULL_CONVERSION = YES;
				CLANG_WARN_OBJC_IMPLICIT_RETAIN_SELF = YES;
				CLANG_WARN_OBJC_LITERAL_CONVERSION = YES;
				CLANG_WARN_OBJC_ROOT_CLASS = YES_ERROR;
				CLANG_WARN_QUOTED_INCLUDE_IN_FRAMEWORK_HEADER = YES;
				CLANG_WARN_RANGE_LOOP_ANALYSIS = YES;
				CLANG_WARN_STRICT_PROTOTYPES = YES;
				CLANG_WARN_SUSPICIOUS_MOVE = YES;
				CLANG_WARN_UNGUARDED_AVAILABILITY = YES_AGGRESSIVE;
				CLANG_WARN_UNREACHABLE_CODE = YES;
				CLANG_WARN__DUPLICATE_METHOD_MATCH = YES;
				COPY_PHASE_STRIP = NO;
				DEBUG_INFORMATION_FORMAT = "dwarf-with-dsym";
				ENABLE_NS_ASSERTIONS = NO;
				ENABLE_STRICT_OBJC_MSGSEND = YES;
				GCC_C_LANGUAGE_STANDARD = gnu11;
				GCC_NO_COMMON_BLOCKS = YES;
				GCC_WARN_64_TO_32_BIT_CONVERSION = YES;
				GCC_WARN_ABOUT_RETURN_TYPE = YES_ERROR;
				GCC_WARN_UNDECLARED_SELECTOR = YES;
				GCC_WARN_UNINITIALIZED_AUTOS = YES_AGGRESSIVE;
				GCC_WARN_UNUSED_FUNCTION = YES;
				GCC_WARN_UNUSED_VARIABLE = YES;
				IPHONEOS_DEPLOYMENT_TARGET = 15.4;
				MTL_ENABLE_DEBUG_INFO = NO;
				MTL_FAST_MATH = YES;
				SDKROOT = iphoneos;
				SWIFT_COMPILATION_MODE = wholemodule;
				SWIFT_OPTIMIZATION_LEVEL = "-O";
				VALIDATE_PRODUCT = YES;
			};
			name = Release;
		};
		3D75648527F7B1970063F84E /* Debug */ = {
			isa = XCBuildConfiguration;
			buildSettings = {
				ASSETCATALOG_COMPILER_APPICON_NAME = AppIcon;
				ASSETCATALOG_COMPILER_GLOBAL_ACCENT_COLOR_NAME = AccentColor;
				CODE_SIGN_STYLE = Automatic;
				CURRENT_PROJECT_VERSION = 1;
				GENERATE_INFOPLIST_FILE = YES;
				INFOPLIST_FILE = Persist/Info.plist;
				INFOPLIST_KEY_UIApplicationSupportsIndirectInputEvents = YES;
				INFOPLIST_KEY_UILaunchStoryboardName = LaunchScreen;
				INFOPLIST_KEY_UIMainStoryboardFile = Main;
				INFOPLIST_KEY_UISupportedInterfaceOrientations_iPad = "UIInterfaceOrientationPortrait UIInterfaceOrientationPortraitUpsideDown UIInterfaceOrientationLandscapeLeft UIInterfaceOrientationLandscapeRight";
				INFOPLIST_KEY_UISupportedInterfaceOrientations_iPhone = "UIInterfaceOrientationPortrait UIInterfaceOrientationLandscapeLeft UIInterfaceOrientationLandscapeRight";
				LD_RUNPATH_SEARCH_PATHS = (
					"$(inherited)",
					"@executable_path/Frameworks",
				);
				MARKETING_VERSION = 1.0;
				PRODUCT_BUNDLE_IDENTIFIER = mx.unam.dgtic.Persist;
				PRODUCT_NAME = "$(TARGET_NAME)";
				SWIFT_EMIT_LOC_STRINGS = YES;
				SWIFT_VERSION = 5.0;
				TARGETED_DEVICE_FAMILY = "1,2";
			};
			name = Debug;
		};
		3D75648627F7B1970063F84E /* Release */ = {
			isa = XCBuildConfiguration;
			buildSettings = {
				ASSETCATALOG_COMPILER_APPICON_NAME = AppIcon;
				ASSETCATALOG_COMPILER_GLOBAL_ACCENT_COLOR_NAME = AccentColor;
				CODE_SIGN_STYLE = Automatic;
				CURRENT_PROJECT_VERSION = 1;
				GENERATE_INFOPLIST_FILE = YES;
				INFOPLIST_FILE = Persist/Info.plist;
				INFOPLIST_KEY_UIApplicationSupportsIndirectInputEvents = YES;
				INFOPLIST_KEY_UILaunchStoryboardName = LaunchScreen;
				INFOPLIST_KEY_UIMainStoryboardFile = Main;
				INFOPLIST_KEY_UISupportedInterfaceOrientations_iPad = "UIInterfaceOrientationPortrait UIInterfaceOrientationPortraitUpsideDown UIInterfaceOrientationLandscapeLeft UIInterfaceOrientationLandscapeRight";
				INFOPLIST_KEY_UISupportedInterfaceOrientations_iPhone = "UIInterfaceOrientationPortrait UIInterfaceOrientationLandscapeLeft UIInterfaceOrientationLandscapeRight";
				LD_RUNPATH_SEARCH_PATHS = (
					"$(inherited)",
					"@executable_path/Frameworks",
				);
				MARKETING_VERSION = 1.0;
				PRODUCT_BUNDLE_IDENTIFIER = mx.unam.dgtic.Persist;
				PRODUCT_NAME = "$(TARGET_NAME)";
				SWIFT_EMIT_LOC_STRINGS = YES;
				SWIFT_VERSION = 5.0;
				TARGETED_DEVICE_FAMILY = "1,2";
			};
			name = Release;
		};
/* End XCBuildConfiguration section */

/* Begin XCConfigurationList section */
		3D75646B27F7B1950063F84E /* Build configuration list for PBXProject "Persist" */ = {
			isa = XCConfigurationList;
			buildConfigurations = (
				3D75648227F7B1970063F84E /* Debug */,
				3D75648327F7B1970063F84E /* Release */,
			);
			defaultConfigurationIsVisible = 0;
			defaultConfigurationName = Release;
		};
		3D75648427F7B1970063F84E /* Build configuration list for PBXNativeTarget "Persist" */ = {
			isa = XCConfigurationList;
			buildConfigurations = (
				3D75648527F7B1970063F84E /* Debug */,
				3D75648627F7B1970063F84E /* Release */,
			);
			defaultConfigurationIsVisible = 0;
			defaultConfigurationName = Release;
		};
/* End XCConfigurationList section */

/* Begin XCVersionGroup section */
		3D75648C27F7D85B0063F84E /* Persist.xcdatamodeld */ = {
			isa = XCVersionGroup;
			children = (
				3D75648D27F7D85B0063F84E /* Persist.xcdatamodel */,
			);
			currentVersion = 3D75648D27F7D85B0063F84E /* Persist.xcdatamodel */;
			path = Persist.xcdatamodeld;
			sourceTree = "<group>";
			versionGroupType = wrapper.xcdatamodel;
		};
/* End XCVersionGroup section */
	};
	rootObject = 3D75646827F7B1950063F84E /* Project object */;
}
